<?xml version="1.0" encoding="utf-8"?>
<Project ToolsVersion="4.0" xmlns="http://schemas.microsoft.com/developer/msbuild/2003">
  <ItemGroup>
    <ImageContentTask Include="Asset\sprite\Red.png" />
  </ItemGroup>
  <ItemGroup>
    <ClCompile Include="Boss.cpp" />
    <ClCompile Include="IEnemy.cpp" />
    <ClCompile Include="Oni.cpp" />
    <ClCompile Include="PlayerStatus.cpp" />
    <ClCompile Include="Stage1.cpp" />
    <ClCompile Include="Stage1_Teleport.cpp" />
    <ClCompile Include="Stone.cpp" />
    <ClCompile Include="Sword.cpp" />
    <ClCompile Include="Town.cpp" />
    <ClCompile Include="GameCamera.cpp" />
    <ClCompile Include="main.cpp" />
    <ClCompile Include="Player.cpp" />
    <ClCompile Include="stdafx.cpp" />
    <ClCompile Include="Title.cpp" />
    <ClCompile Include="Ground.cpp" />
    <ClCompile Include="Cagliostro_view.cpp" />
    <ClCompile Include="DropItem.cpp" />
    <ClCompile Include="GameData.cpp" />
    <ClCompile Include="Magic.cpp" />
    <ClCompile Include="Weapon.cpp" />
  </ItemGroup>
  <ItemGroup>
    <MeshContentTask Include="Asset\modelData\enemy\enemy.FBX" />
    <MeshContentTask Include="Asset\modelData\ground.FBX" />
    <MeshContentTask Include="Asset\modelData\sky.FBX" />
    <MeshContentTask Include="Asset\modelData\skydome.FBX" />
    <MeshContentTask Include="Asset\modelData\stage1_ground.FBX" />
    <MeshContentTask Include="Asset\modelData\stage1_teleport.FBX" />
    <MeshContentTask Include="Asset\modelData\stone.FBX" />
    <MeshContentTask Include="Asset\modelData\Sword\AncientWarriorBlade.FBX" />
    <MeshContentTask Include="Asset\modelData\Sword\BattleReadyBlade.FBX" />
    <MeshContentTask Include="Asset\modelData\Sword\BlueLightSword.FBX" />
    <MeshContentTask Include="Asset\modelData\Sword\FireSword.FBX" />
    <MeshContentTask Include="Asset\modelData\Sword\GreatSword.fbx" />
    <MeshContentTask Include="Asset\modelData\Sword\IceSword.FBX" />
    <MeshContentTask Include="Asset\modelData\Sword\LegendSword.FBX" />
    <MeshContentTask Include="Asset\modelData\Sword\Sword.FBX" />
    <MeshContentTask Include="Asset\modelData\Sword\WindSword.FBX" />
    <MeshContentTask Include="Asset\modelData\unityChan.fbx" />
    <MeshContentTask Include="Asset\modelData\cagliostro\cagliostro.fbx" />
    <MeshContentTask Include="Asset\modelData\boss\boss.FBX" />
  </ItemGroup>
  <ItemGroup>
    <ClInclude Include="Boss.h" />
    <ClInclude Include="IEnemy.h" />
    <ClInclude Include="Oni.h" />
    <ClInclude Include="PlayerStatus.h" />
    <ClInclude Include="Stage1.h" />
    <ClInclude Include="Stage1_Teleport.h" />
    <ClInclude Include="Stone.h" />
    <ClInclude Include="Sword.h" />
    <ClInclude Include="Town.h" />
    <ClInclude Include="GameCamera.h" />
    <ClInclude Include="Player.h" />
    <ClInclude Include="stdafx.h" />
    <ClInclude Include="Title.h" />
    <ClInclude Include="Ground.h" />
    <ClInclude Include="Cagliostro_view.h" />
    <ClInclude Include="DropItem.h" />
    <ClInclude Include="GameData.h" />
    <ClInclude Include="Magic.h" />
    <ClInclude Include="Weapon.h" />
  </ItemGroup>
</Project>